
Microsoft Visual Studio Solution File, Format Version 12.00
# Visual Studio Version 16
VisualStudioVersion = 16.0.30114.105
MinimumVisualStudioVersion = 10.0.40219.1
Project("{FAE04EC0-301F-11D3-BF4B-00C04F79EFBC}") = "GraphQLNetExample", "GraphQLNetExample\GraphQLNetExample.csproj", "{644C9F5C-3E41-4D92-9461-3139075AC3ED}"
EndProject
Global
	GlobalSection(SolutionConfigurationPlatforms) = preSolution
		Debug|Any CPU = Debug|Any CPU
		Release|Any CPU = Release|Any CPU
	EndGlobalSection
	GlobalSection(SolutionProperties) = preSolution
		HideSolutionNode = FALSE
	EndGlobalSection
	GlobalSection(ProjectConfigurationPlatforms) = postSolution
		{644C9F5C-3E41-4D92-9461-3139075AC3ED}.Debug|Any CPU.ActiveCfg = Debug|Any CPU
		{644C9F5C-3E41-4D92-9461-3139075AC3ED}.Debug|Any CPU.Build.0 = Debug|Any CPU
		{644C9F5C-3E41-4D92-9461-3139075AC3ED}.Release|Any CPU.ActiveCfg = Release|Any CPU
		{644C9F5C-3E41-4D92-9461-3139075AC3ED}.Release|Any CPU.Build.0 = Release|Any CPU
	EndGlobalSection
EndGlobal
